
Microsoft Visual Studio Solution File, Format Version 12.00
# Visual Studio Version 16
VisualStudioVersion = 16.0.31025.194
MinimumVisualStudioVersion = 10.0.40219.1
Project("{9A19103F-16F7-4668-BE54-9A1E7A4F7556}") = "PRO_API", "PRO_API.csproj", "{7B4B6FC6-E651-4B0B-9F23-EF907076C582}"
	ProjectSection(ProjectDependencies) = postProject
		{1C165F27-0F63-4385-84DC-021CEED16DA8} = {1C165F27-0F63-4385-84DC-021CEED16DA8}
	EndProjectSection
EndProject
Project("{2150E333-8FDC-42A3-9474-1A3956D46DE8}") = "API", "API", "{76C4B7D8-4EB2-4B31-A69A-8577EBF8286B}"
EndProject
Project("{2150E333-8FDC-42A3-9474-1A3956D46DE8}") = "Domain", "Domain", "{1C4D1F7D-B860-4BCC-834A-E0F36692072A}"
EndProject
Project("{9A19103F-16F7-4668-BE54-9A1E7A4F7556}") = "Domain", "..\Domain\Domain.csproj", "{1C165F27-0F63-4385-84DC-021CEED16DA8}"
EndProject
Project("{2150E333-8FDC-42A3-9474-1A3956D46DE8}") = "Application", "Application", "{BCAD7FE0-A218-46CD-A78E-10F6C11AD1D0}"
EndProject
Project("{2150E333-8FDC-42A3-9474-1A3956D46DE8}") = "Infrastructure", "Infrastructure", "{8F15B57E-EB7A-4286-B356-419C07B38894}"
EndProject
Project("{9A19103F-16F7-4668-BE54-9A1E7A4F7556}") = "Infrastructure", "..\Infrastructure\Infrastructure.csproj", "{F6111794-966F-4592-B4F7-3D337DC2F692}"
EndProject
Project("{9A19103F-16F7-4668-BE54-9A1E7A4F7556}") = "Application", "..\Application\Application.csproj", "{E829649E-07E1-4F1F-894A-FF0A23072A46}"
EndProject
Project("{2150E333-8FDC-42A3-9474-1A3956D46DE8}") = "Test", "Test", "{F8EBC0E8-3CC8-407B-ABBC-DD6618C57652}"
EndProject
Project("{9A19103F-16F7-4668-BE54-9A1E7A4F7556}") = "Test", "..\Test\Test.csproj", "{CED39866-000B-4AFD-A0BA-80FD28142A50}"
	ProjectSection(ProjectDependencies) = postProject
		{1C165F27-0F63-4385-84DC-021CEED16DA8} = {1C165F27-0F63-4385-84DC-021CEED16DA8}
		{F6111794-966F-4592-B4F7-3D337DC2F692} = {F6111794-966F-4592-B4F7-3D337DC2F692}
		{E829649E-07E1-4F1F-894A-FF0A23072A46} = {E829649E-07E1-4F1F-894A-FF0A23072A46}
		{7B4B6FC6-E651-4B0B-9F23-EF907076C582} = {7B4B6FC6-E651-4B0B-9F23-EF907076C582}
	EndProjectSection
EndProject
Global
	GlobalSection(SolutionConfigurationPlatforms) = preSolution
		Debug|Any CPU = Debug|Any CPU
		Release|Any CPU = Release|Any CPU
	EndGlobalSection
	GlobalSection(ProjectConfigurationPlatforms) = postSolution
		{7B4B6FC6-E651-4B0B-9F23-EF907076C582}.Debug|Any CPU.ActiveCfg = Debug|Any CPU
		{7B4B6FC6-E651-4B0B-9F23-EF907076C582}.Debug|Any CPU.Build.0 = Debug|Any CPU
		{7B4B6FC6-E651-4B0B-9F23-EF907076C582}.Release|Any CPU.ActiveCfg = Release|Any CPU
		{7B4B6FC6-E651-4B0B-9F23-EF907076C582}.Release|Any CPU.Build.0 = Release|Any CPU
		{1C165F27-0F63-4385-84DC-021CEED16DA8}.Debug|Any CPU.ActiveCfg = Debug|Any CPU
		{1C165F27-0F63-4385-84DC-021CEED16DA8}.Debug|Any CPU.Build.0 = Debug|Any CPU
		{1C165F27-0F63-4385-84DC-021CEED16DA8}.Release|Any CPU.ActiveCfg = Release|Any CPU
		{1C165F27-0F63-4385-84DC-021CEED16DA8}.Release|Any CPU.Build.0 = Release|Any CPU
		{F6111794-966F-4592-B4F7-3D337DC2F692}.Debug|Any CPU.ActiveCfg = Debug|Any CPU
		{F6111794-966F-4592-B4F7-3D337DC2F692}.Debug|Any CPU.Build.0 = Debug|Any CPU
		{F6111794-966F-4592-B4F7-3D337DC2F692}.Release|Any CPU.ActiveCfg = Release|Any CPU
		{F6111794-966F-4592-B4F7-3D337DC2F692}.Release|Any CPU.Build.0 = Release|Any CPU
		{E829649E-07E1-4F1F-894A-FF0A23072A46}.Debug|Any CPU.ActiveCfg = Debug|Any CPU
		{E829649E-07E1-4F1F-894A-FF0A23072A46}.Debug|Any CPU.Build.0 = Debug|Any CPU
		{E829649E-07E1-4F1F-894A-FF0A23072A46}.Release|Any CPU.ActiveCfg = Release|Any CPU
		{E829649E-07E1-4F1F-894A-FF0A23072A46}.Release|Any CPU.Build.0 = Release|Any CPU
		{CED39866-000B-4AFD-A0BA-80FD28142A50}.Debug|Any CPU.ActiveCfg = Debug|Any CPU
		{CED39866-000B-4AFD-A0BA-80FD28142A50}.Debug|Any CPU.Build.0 = Debug|Any CPU
		{CED39866-000B-4AFD-A0BA-80FD28142A50}.Release|Any CPU.ActiveCfg = Release|Any CPU
		{CED39866-000B-4AFD-A0BA-80FD28142A50}.Release|Any CPU.Build.0 = Release|Any CPU
	EndGlobalSection
	GlobalSection(SolutionProperties) = preSolution
		HideSolutionNode = FALSE
	EndGlobalSection
	GlobalSection(NestedProjects) = preSolution
		{7B4B6FC6-E651-4B0B-9F23-EF907076C582} = {76C4B7D8-4EB2-4B31-A69A-8577EBF8286B}
		{1C165F27-0F63-4385-84DC-021CEED16DA8} = {1C4D1F7D-B860-4BCC-834A-E0F36692072A}
		{F6111794-966F-4592-B4F7-3D337DC2F692} = {8F15B57E-EB7A-4286-B356-419C07B38894}
		{E829649E-07E1-4F1F-894A-FF0A23072A46} = {BCAD7FE0-A218-46CD-A78E-10F6C11AD1D0}
		{CED39866-000B-4AFD-A0BA-80FD28142A50} = {F8EBC0E8-3CC8-407B-ABBC-DD6618C57652}
	EndGlobalSection
	GlobalSection(ExtensibilityGlobals) = postSolution
		SolutionGuid = {17B456DD-5CB9-49FC-A9AA-8D966E29BE56}
	EndGlobalSection
EndGlobal
